// !$*UTF8*$!
{
	archiveVersion = 1;
	classes = {
	};
	objectVersion = 46;
	objects = {

/* Begin PBXBuildFile section */
		D71CC7631E7CC78C001D7B75 /* constants.swift in Sources */ = {isa = PBXBuildFile; fileRef = D71CC7621E7CC78C001D7B75 /* constants.swift */; };
		D78F583E1E77011E00CC9956 /* notifyUser.swift in Sources */ = {isa = PBXBuildFile; fileRef = D78F583D1E77011E00CC9956 /* notifyUser.swift */; };
		D78F58411E77503700CC9956 /* Photo+CoreDataProperties.swift in Sources */ = {isa = PBXBuildFile; fileRef = D78F583F1E77503700CC9956 /* Photo+CoreDataProperties.swift */; };
		D78F58421E77503700CC9956 /* Pin+CoreDataProperties.swift in Sources */ = {isa = PBXBuildFile; fileRef = D78F58401E77503700CC9956 /* Pin+CoreDataProperties.swift */; };
		D78F58491E77548A00CC9956 /* FlickrCLientConstants.swift in Sources */ = {isa = PBXBuildFile; fileRef = D78F58481E77548A00CC9956 /* FlickrCLientConstants.swift */; };
		D78F584B1E7755B000CC9956 /* FlickrClient.swift in Sources */ = {isa = PBXBuildFile; fileRef = D78F584A1E7755B000CC9956 /* FlickrClient.swift */; };
		D7ACF53C1E7332C800A6033C /* AppDelegate.swift in Sources */ = {isa = PBXBuildFile; fileRef = D7ACF53B1E7332C800A6033C /* AppDelegate.swift */; };
		D7ACF53E1E7332C800A6033C /* MapViewController.swift in Sources */ = {isa = PBXBuildFile; fileRef = D7ACF53D1E7332C800A6033C /* MapViewController.swift */; };
		D7ACF5411E7332C800A6033C /* Main.storyboard in Resources */ = {isa = PBXBuildFile; fileRef = D7ACF53F1E7332C800A6033C /* Main.storyboard */; };
		D7ACF5441E7332C800A6033C /* VirtualTourist.xcdatamodeld in Sources */ = {isa = PBXBuildFile; fileRef = D7ACF5421E7332C800A6033C /* VirtualTourist.xcdatamodeld */; };
		D7ACF5461E7332C800A6033C /* Assets.xcassets in Resources */ = {isa = PBXBuildFile; fileRef = D7ACF5451E7332C800A6033C /* Assets.xcassets */; };
		D7ACF5491E7332C800A6033C /* LaunchScreen.storyboard in Resources */ = {isa = PBXBuildFile; fileRef = D7ACF5471E7332C800A6033C /* LaunchScreen.storyboard */; };
		D7ACF5521E73346F00A6033C /* MapKit.framework in Frameworks */ = {isa = PBXBuildFile; fileRef = D7ACF5511E73346F00A6033C /* MapKit.framework */; };
		D7ACF5821E74DBBB00A6033C /* Photo+CoreDataClass.swift in Sources */ = {isa = PBXBuildFile; fileRef = D7ACF57E1E74DBBB00A6033C /* Photo+CoreDataClass.swift */; };
		D7ACF5841E74DBBB00A6033C /* Pin+CoreDataClass.swift in Sources */ = {isa = PBXBuildFile; fileRef = D7ACF5801E74DBBB00A6033C /* Pin+CoreDataClass.swift */; };
		D7ACF5871E76198B00A6033C /* PhotoViewController.swift in Sources */ = {isa = PBXBuildFile; fileRef = D7ACF5861E76198A00A6033C /* PhotoViewController.swift */; };
/* End PBXBuildFile section */

/* Begin PBXFileReference section */
		D71CC7621E7CC78C001D7B75 /* constants.swift */ = {isa = PBXFileReference; fileEncoding = 4; lastKnownFileType = sourcecode.swift; path = constants.swift; sourceTree = "<group>"; };
		D78F583D1E77011E00CC9956 /* notifyUser.swift */ = {isa = PBXFileReference; fileEncoding = 4; lastKnownFileType = sourcecode.swift; path = notifyUser.swift; sourceTree = "<group>"; };
		D78F583F1E77503700CC9956 /* Photo+CoreDataProperties.swift */ = {isa = PBXFileReference; fileEncoding = 4; lastKnownFileType = sourcecode.swift; path = "Photo+CoreDataProperties.swift"; sourceTree = "<group>"; };
		D78F58401E77503700CC9956 /* Pin+CoreDataProperties.swift */ = {isa = PBXFileReference; fileEncoding = 4; lastKnownFileType = sourcecode.swift; path = "Pin+CoreDataProperties.swift"; sourceTree = "<group>"; };
		D78F58481E77548A00CC9956 /* FlickrCLientConstants.swift */ = {isa = PBXFileReference; fileEncoding = 4; lastKnownFileType = sourcecode.swift; path = FlickrCLientConstants.swift; sourceTree = "<group>"; };
		D78F584A1E7755B000CC9956 /* FlickrClient.swift */ = {isa = PBXFileReference; fileEncoding = 4; lastKnownFileType = sourcecode.swift; path = FlickrClient.swift; sourceTree = "<group>"; };
		D7ACF5381E7332C800A6033C /* VirtualTourist.app */ = {isa = PBXFileReference; explicitFileType = wrapper.application; includeInIndex = 0; path = VirtualTourist.app; sourceTree = BUILT_PRODUCTS_DIR; };
		D7ACF53B1E7332C800A6033C /* AppDelegate.swift */ = {isa = PBXFileReference; lastKnownFileType = sourcecode.swift; path = AppDelegate.swift; sourceTree = "<group>"; };
		D7ACF53D1E7332C800A6033C /* MapViewController.swift */ = {isa = PBXFileReference; lastKnownFileType = sourcecode.swift; path = MapViewController.swift; sourceTree = "<group>"; };
		D7ACF5401E7332C800A6033C /* Base */ = {isa = PBXFileReference; lastKnownFileType = file.storyboard; name = Base; path = Base.lproj/Main.storyboard; sourceTree = "<group>"; };
		D7ACF5431E7332C800A6033C /* VirtualTourist.xcdatamodel */ = {isa = PBXFileReference; lastKnownFileType = wrapper.xcdatamodel; path = VirtualTourist.xcdatamodel; sourceTree = "<group>"; };
		D7ACF5451E7332C800A6033C /* Assets.xcassets */ = {isa = PBXFileReference; lastKnownFileType = folder.assetcatalog; path = Assets.xcassets; sourceTree = "<group>"; };
		D7ACF5481E7332C800A6033C /* Base */ = {isa = PBXFileReference; lastKnownFileType = file.storyboard; name = Base; path = Base.lproj/LaunchScreen.storyboard; sourceTree = "<group>"; };
		D7ACF54A1E7332C800A6033C /* Info.plist */ = {isa = PBXFileReference; lastKnownFileType = text.plist.xml; name = Info.plist; path = VirtualTourist/Info.plist; sourceTree = "<group>"; };
		D7ACF5511E73346F00A6033C /* MapKit.framework */ = {isa = PBXFileReference; lastKnownFileType = wrapper.framework; name = MapKit.framework; path = System/Library/Frameworks/MapKit.framework; sourceTree = SDKROOT; };
		D7ACF57E1E74DBBB00A6033C /* Photo+CoreDataClass.swift */ = {isa = PBXFileReference; fileEncoding = 4; lastKnownFileType = sourcecode.swift; path = "Photo+CoreDataClass.swift"; sourceTree = "<group>"; };
		D7ACF5801E74DBBB00A6033C /* Pin+CoreDataClass.swift */ = {isa = PBXFileReference; fileEncoding = 4; lastKnownFileType = sourcecode.swift; path = "Pin+CoreDataClass.swift"; sourceTree = "<group>"; };
		D7ACF5861E76198A00A6033C /* PhotoViewController.swift */ = {isa = PBXFileReference; fileEncoding = 4; lastKnownFileType = sourcecode.swift; path = PhotoViewController.swift; sourceTree = "<group>"; };
/* End PBXFileReference section */

/* Begin PBXFrameworksBuildPhase section */
		D7ACF5351E7332C800A6033C /* Frameworks */ = {
			isa = PBXFrameworksBuildPhase;
			buildActionMask = 2147483647;
			files = (
				D7ACF5521E73346F00A6033C /* MapKit.framework in Frameworks */,
			);
			runOnlyForDeploymentPostprocessing = 0;
		};
/* End PBXFrameworksBuildPhase section */

/* Begin PBXGroup section */
		D78F58471E77545000CC9956 /* FlickrCLient */ = {
			isa = PBXGroup;
			children = (
				D78F58481E77548A00CC9956 /* FlickrCLientConstants.swift */,
				D78F584A1E7755B000CC9956 /* FlickrClient.swift */,
			);
			name = FlickrCLient;
			sourceTree = "<group>";
		};
		D7ACF52F1E7332C700A6033C = {
			isa = PBXGroup;
			children = (
				D7ACF53A1E7332C800A6033C /* VirtualTourist */,
				D7ACF5681E73521D00A6033C /* Supporting Files */,
				D7ACF5391E7332C800A6033C /* Products */,
				D7ACF5501E73346F00A6033C /* Frameworks */,
			);
			sourceTree = "<group>";
		};
		D7ACF5391E7332C800A6033C /* Products */ = {
			isa = PBXGroup;
			children = (
				D7ACF5381E7332C800A6033C /* VirtualTourist.app */,
			);
			name = Products;
			sourceTree = "<group>";
		};
		D7ACF53A1E7332C800A6033C /* VirtualTourist */ = {
			isa = PBXGroup;
			children = (
				D7ACF53B1E7332C800A6033C /* AppDelegate.swift */,
				D78F583D1E77011E00CC9956 /* notifyUser.swift */,
				D7ACF5671E73519900A6033C /* Model */,
				D7ACF5881E76199B00A6033C /* Control */,
				D7ACF5691E73526600A6033C /* Assets */,
			);
			path = VirtualTourist;
			sourceTree = "<group>";
		};
		D7ACF5501E73346F00A6033C /* Frameworks */ = {
			isa = PBXGroup;
			children = (
				D7ACF5511E73346F00A6033C /* MapKit.framework */,
			);
			name = Frameworks;
			sourceTree = "<group>";
		};
		D7ACF5671E73519900A6033C /* Model */ = {
			isa = PBXGroup;
			children = (
				D78F58471E77545000CC9956 /* FlickrCLient */,
				D7ACF57E1E74DBBB00A6033C /* Photo+CoreDataClass.swift */,
				D78F583F1E77503700CC9956 /* Photo+CoreDataProperties.swift */,
				D78F58401E77503700CC9956 /* Pin+CoreDataProperties.swift */,
				D7ACF5801E74DBBB00A6033C /* Pin+CoreDataClass.swift */,
				D7ACF5421E7332C800A6033C /* VirtualTourist.xcdatamodeld */,
				D71CC7621E7CC78C001D7B75 /* constants.swift */,
			);
			name = Model;
			path = ..;
			sourceTree = "<group>";
		};
		D7ACF5681E73521D00A6033C /* Supporting Files */ = {
			isa = PBXGroup;
			children = (
				D7ACF54A1E7332C800A6033C /* Info.plist */,
			);
			name = "Supporting Files";
			sourceTree = "<group>";
		};
		D7ACF5691E73526600A6033C /* Assets */ = {
			isa = PBXGroup;
			children = (
				D7ACF53F1E7332C800A6033C /* Main.storyboard */,
				D7ACF5451E7332C800A6033C /* Assets.xcassets */,
				D7ACF5471E7332C800A6033C /* LaunchScreen.storyboard */,
			);
			name = Assets;
			sourceTree = "<group>";
		};
		D7ACF5881E76199B00A6033C /* Control */ = {
			isa = PBXGroup;
			children = (
				D7ACF53D1E7332C800A6033C /* MapViewController.swift */,
				D7ACF5861E76198A00A6033C /* PhotoViewController.swift */,
			);
			name = Control;
			sourceTree = "<group>";
		};
/* End PBXGroup section */

/* Begin PBXNativeTarget section */
		D7ACF5371E7332C800A6033C /* VirtualTourist */ = {
			isa = PBXNativeTarget;
			buildConfigurationList = D7ACF54D1E7332C800A6033C /* Build configuration list for PBXNativeTarget "VirtualTourist" */;
			buildPhases = (
				D7ACF5341E7332C800A6033C /* Sources */,
				D7ACF5351E7332C800A6033C /* Frameworks */,
				D7ACF5361E7332C800A6033C /* Resources */,
			);
			buildRules = (
			);
			dependencies = (
			);
			name = VirtualTourist;
			productName = VirtualTourist;
			productReference = D7ACF5381E7332C800A6033C /* VirtualTourist.app */;
			productType = "com.apple.product-type.application";
		};
/* End PBXNativeTarget section */

/* Begin PBXProject section */
		D7ACF5301E7332C700A6033C /* Project object */ = {
			isa = PBXProject;
			attributes = {
				LastSwiftUpdateCheck = 0820;
				LastUpgradeCheck = 0820;
				ORGANIZATIONNAME = "Lisa Litchfield";
				TargetAttributes = {
					D7ACF5371E7332C800A6033C = {
						CreatedOnToolsVersion = 8.2.1;
						DevelopmentTeam = L398NH87L6;
						ProvisioningStyle = Automatic;
						SystemCapabilities = {
							com.apple.Maps.iOS = {
								enabled = 1;
							};
						};
					};
				};
			};
			buildConfigurationList = D7ACF5331E7332C700A6033C /* Build configuration list for PBXProject "VirtualTourist" */;
			compatibilityVersion = "Xcode 3.2";
			developmentRegion = English;
			hasScannedForEncodings = 0;
			knownRegions = (
				en,
				Base,
			);
			mainGroup = D7ACF52F1E7332C700A6033C;
			productRefGroup = D7ACF5391E7332C800A6033C /* Products */;
			projectDirPath = "";
			projectRoot = "";
			targets = (
				D7ACF5371E7332C800A6033C /* VirtualTourist */,
			);
		};
/* End PBXProject section */

/* Begin PBXResourcesBuildPhase section */
		D7ACF5361E7332C800A6033C /* Resources */ = {
			isa = PBXResourcesBuildPhase;
			buildActionMask = 2147483647;
			files = (
				D7ACF5491E7332C800A6033C /* LaunchScreen.storyboard in Resources */,
				D7ACF5461E7332C800A6033C /* Assets.xcassets in Resources */,
				D7ACF5411E7332C800A6033C /* Main.storyboard in Resources */,
			);
			runOnlyForDeploymentPostprocessing = 0;
		};
/* End PBXResourcesBuildPhase section */

/* Begin PBXSourcesBuildPhase section */
		D7ACF5341E7332C800A6033C /* Sources */ = {
			isa = PBXSourcesBuildPhase;
			buildActionMask = 2147483647;
			files = (
				D7ACF53E1E7332C800A6033C /* MapViewController.swift in Sources */,
				D7ACF53C1E7332C800A6033C /* AppDelegate.swift in Sources */,
				D7ACF5821E74DBBB00A6033C /* Photo+CoreDataClass.swift in Sources */,
				D78F58421E77503700CC9956 /* Pin+CoreDataProperties.swift in Sources */,
				D78F583E1E77011E00CC9956 /* notifyUser.swift in Sources */,
				D78F58491E77548A00CC9956 /* FlickrCLientConstants.swift in Sources */,
				D7ACF5841E74DBBB00A6033C /* Pin+CoreDataClass.swift in Sources */,
				D7ACF5871E76198B00A6033C /* PhotoViewController.swift in Sources */,
				D78F584B1E7755B000CC9956 /* FlickrClient.swift in Sources */,
				D78F58411E77503700CC9956 /* Photo+CoreDataProperties.swift in Sources */,
				D7ACF5441E7332C800A6033C /* VirtualTourist.xcdatamodeld in Sources */,
				D71CC7631E7CC78C001D7B75 /* constants.swift in Sources */,
			);
			runOnlyForDeploymentPostprocessing = 0;
		};
/* End PBXSourcesBuildPhase section */

/* Begin PBXVariantGroup section */
		D7ACF53F1E7332C800A6033C /* Main.storyboard */ = {
			isa = PBXVariantGroup;
			children = (
				D7ACF5401E7332C800A6033C /* Base */,
			);
			name = Main.storyboard;
			sourceTree = "<group>";
		};
		D7ACF5471E7332C800A6033C /* LaunchScreen.storyboard */ = {
			isa = PBXVariantGroup;
			children = (
				D7ACF5481E7332C800A6033C /* Base */,
			);
			name = LaunchScreen.storyboard;
			sourceTree = "<group>";
		};
/* End PBXVariantGroup section */

/* Begin XCBuildConfiguration section */
		D7ACF54B1E7332C800A6033C /* Debug */ = {
			isa = XCBuildConfiguration;
			buildSettings = {
				ALWAYS_SEARCH_USER_PATHS = NO;
				CLANG_ANALYZER_NONNULL = YES;
				CLANG_CXX_LANGUAGE_STANDARD = "gnu++0x";
				CLANG_CXX_LIBRARY = "libc++";
				CLANG_ENABLE_MODULES = YES;
				CLANG_ENABLE_OBJC_ARC = YES;
				CLANG_WARN_BOOL_CONVERSION = YES;
				CLANG_WARN_CONSTANT_CONVERSION = YES;
				CLANG_WARN_DIRECT_OBJC_ISA_USAGE = YES_ERROR;
				CLANG_WARN_DOCUMENTATION_COMMENTS = YES;
				CLANG_WARN_EMPTY_BODY = YES;
				CLANG_WARN_ENUM_CONVERSION = YES;
				CLANG_WARN_INFINITE_RECURSION = YES;
				CLANG_WARN_INT_CONVERSION = YES;
				CLANG_WARN_OBJC_ROOT_CLASS = YES_ERROR;
				CLANG_WARN_SUSPICIOUS_MOVE = YES;
				CLANG_WARN_UNREACHABLE_CODE = YES;
				CLANG_WARN__DUPLICATE_METHOD_MATCH = YES;
				"CODE_SIGN_IDENTITY[sdk=iphoneos*]" = "iPhone Developer";
				COPY_PHASE_STRIP = NO;
				DEBUG_INFORMATION_FORMAT = dwarf;
				ENABLE_STRICT_OBJC_MSGSEND = YES;
				ENABLE_TESTABILITY = YES;
				GCC_C_LANGUAGE_STANDARD = gnu99;
				GCC_DYNAMIC_NO_PIC = NO;
				GCC_NO_COMMON_BLOCKS = YES;
				GCC_OPTIMIZATION_LEVEL = 0;
				GCC_PREPROCESSOR_DEFINITIONS = (
					"DEBUG=1",
					"$(inherited)",
				);
				GCC_WARN_64_TO_32_BIT_CONVERSION = YES;
				GCC_WARN_ABOUT_RETURN_TYPE = YES_ERROR;
				GCC_WARN_UNDECLARED_SELECTOR = YES;
				GCC_WARN_UNINITIALIZED_AUTOS = YES_AGGRESSIVE;
				GCC_WARN_UNUSED_FUNCTION = YES;
				GCC_WARN_UNUSED_VARIABLE = YES;
				IPHONEOS_DEPLOYMENT_TARGET = 10.2;
				MTL_ENABLE_DEBUG_INFO = YES;
				ONLY_ACTIVE_ARCH = YES;
				SDKROOT = iphoneos;
				SWIFT_ACTIVE_COMPILATION_CONDITIONS = DEBUG;
				SWIFT_OPTIMIZATION_LEVEL = "-Onone";
				TARGETED_DEVICE_FAMILY = "1,2";
			};
			name = Debug;
		};
		D7ACF54C1E7332C800A6033C /* Release */ = {
			isa = XCBuildConfiguration;
			buildSettings = {
				ALWAYS_SEARCH_USER_PATHS = NO;
				CLANG_ANALYZER_NONNULL = YES;
				CLANG_CXX_LANGUAGE_STANDARD = "gnu++0x";
				CLANG_CXX_LIBRARY = "libc++";
				CLANG_ENABLE_MODULES = YES;
				CLANG_ENABLE_OBJC_ARC = YES;
				CLANG_WARN_BOOL_CONVERSION = YES;
				CLANG_WARN_CONSTANT_CONVERSION = YES;
				CLANG_WARN_DIRECT_OBJC_ISA_USAGE = YES_ERROR;
				CLANG_WARN_DOCUMENTATION_COMMENTS = YES;
				CLANG_WARN_EMPTY_BODY = YES;
				CLANG_WARN_ENUM_CONVERSION = YES;
				CLANG_WARN_INFINITE_RECURSION = YES;
				CLANG_WARN_INT_CONVERSION = YES;
				CLANG_WARN_OBJC_ROOT_CLASS = YES_ERROR;
				CLANG_WARN_SUSPICIOUS_MOVE = YES;
				CLANG_WARN_UNREACHABLE_CODE = YES;
				CLANG_WARN__DUPLICATE_METHOD_MATCH = YES;
				"CODE_SIGN_IDENTITY[sdk=iphoneos*]" = "iPhone Developer";
				COPY_PHASE_STRIP = NO;
				DEBUG_INFORMATION_FORMAT = "dwarf-with-dsym";
				ENABLE_NS_ASSERTIONS = NO;
				ENABLE_STRICT_OBJC_MSGSEND = YES;
				GCC_C_LANGUAGE_STANDARD = gnu99;
				GCC_NO_COMMON_BLOCKS = YES;
				GCC_WARN_64_TO_32_BIT_CONVERSION = YES;
				GCC_WARN_ABOUT_RETURN_TYPE = YES_ERROR;
				GCC_WARN_UNDECLARED_SELECTOR = YES;
				GCC_WARN_UNINITIALIZED_AUTOS = YES_AGGRESSIVE;
				GCC_WARN_UNUSED_FUNCTION = YES;
				GCC_WARN_UNUSED_VARIABLE = YES;
				IPHONEOS_DEPLOYMENT_TARGET = 10.2;
				MTL_ENABLE_DEBUG_INFO = NO;
				SDKROOT = iphoneos;
				SWIFT_OPTIMIZATION_LEVEL = "-Owholemodule";
				TARGETED_DEVICE_FAMILY = "1,2";
				VALIDATE_PRODUCT = YES;
			};
			name = Release;
		};
		D7ACF54E1E7332C800A6033C /* Debug */ = {
			isa = XCBuildConfiguration;
			buildSettings = {
				ASSETCATALOG_COMPILER_APPICON_NAME = AppIcon;
				DEVELOPMENT_TEAM = L398NH87L6;
				INFOPLIST_FILE = VirtualTourist/Info.plist;
				LD_RUNPATH_SEARCH_PATHS = "$(inherited) @executable_path/Frameworks";
				PRODUCT_BUNDLE_IDENTIFIER = LL.VirtualTourist;
				PRODUCT_NAME = "$(TARGET_NAME)";
				SWIFT_VERSION = 3.0;
			};
			name = Debug;
		};
		D7ACF54F1E7332C800A6033C /* Release */ = {
			isa = XCBuildConfiguration;
			buildSettings = {
				ASSETCATALOG_COMPILER_APPICON_NAME = AppIcon;
				DEVELOPMENT_TEAM = L398NH87L6;
				INFOPLIST_FILE = VirtualTourist/Info.plist;
				LD_RUNPATH_SEARCH_PATHS = "$(inherited) @executable_path/Frameworks";
				PRODUCT_BUNDLE_IDENTIFIER = LL.VirtualTourist;
				PRODUCT_NAME = "$(TARGET_NAME)";
				SWIFT_VERSION = 3.0;
			};
			name = Release;
		};
/* End XCBuildConfiguration section */

/* Begin XCConfigurationList section */
		D7ACF5331E7332C700A6033C /* Build configuration list for PBXProject "VirtualTourist" */ = {
			isa = XCConfigurationList;
			buildConfigurations = (
				D7ACF54B1E7332C800A6033C /* Debug */,
				D7ACF54C1E7332C800A6033C /* Release */,
			);
			defaultConfigurationIsVisible = 0;
			defaultConfigurationName = Release;
		};
		D7ACF54D1E7332C800A6033C /* Build configuration list for PBXNativeTarget "VirtualTourist" */ = {
			isa = XCConfigurationList;
			buildConfigurations = (
				D7ACF54E1E7332C800A6033C /* Debug */,
				D7ACF54F1E7332C800A6033C /* Release */,
			);
			defaultConfigurationIsVisible = 0;
			defaultConfigurationName = Release;
		};
/* End XCConfigurationList section */

/* Begin XCVersionGroup section */
		D7ACF5421E7332C800A6033C /* VirtualTourist.xcdatamodeld */ = {
			isa = XCVersionGroup;
			children = (
				D7ACF5431E7332C800A6033C /* VirtualTourist.xcdatamodel */,
			);
			currentVersion = D7ACF5431E7332C800A6033C /* VirtualTourist.xcdatamodel */;
			name = VirtualTourist.xcdatamodeld;
			path = VirtualTourist/VirtualTourist.xcdatamodeld;
			sourceTree = "<group>";
			versionGroupType = wrapper.xcdatamodel;
		};
/* End XCVersionGroup section */
	};
	rootObject = D7ACF5301E7332C700A6033C /* Project object */;
}
